PODS:
  - Flutter (1.0.0)
  - integration_test (0.0.1):
    - Flutter
  - python_engine (0.0.1):
    - Flutter

DEPENDENCIES:
  - Flutter (from `Flutter`)
  - integration_test (from `.symlinks/plugins/integration_test/ios`)
  - python_engine (from `.symlinks/plugins/python_engine/ios`)

EXTERNAL SOURCES:
  Flutter:
    :path: Flutter
  integration_test:
    :path: ".symlinks/plugins/integration_test/ios"
  python_engine:
    :path: ".symlinks/plugins/python_engine/ios"

SPEC CHECKSUMS:
  Flutter: f04841e97a9d0b0a8025694d0796dd46242b2854
  integration_test: 13825b8a9334a850581300559b8839134b124670
  python_engine: 8a973812e917eb0b9953de09c5f95934bf2e8ada

PODFILE CHECKSUM: 70d9d25280d0dd177a5f637cdb0f0b0b12c6a189

COCOAPODS: 1.12.1
