{
  "pins" : [
    {
      "identity" : "dkcamera",
      "kind" : "remoteSourceControl",
      "location" : "https://github.com/zhangao0086/DKCamera",
      "state" : {
        "branch" : "master",
        "revision" : "5c691d11014b910aff69f960475d70e65d9dcc96"
      }
    },
    {
      "identity" : "dkimagepickercontroller",
      "kind" : "remoteSourceControl",
      "location" : "https://github.com/zhangao0086/DKImagePickerController",
      "state" : {
        "branch" : "4.3.9",
        "revision" : "0bdfeacefa308545adde07bef86e349186335915"
      }
    },
    {
      "identity" : "dkphotogallery",
      "kind" : "remoteSourceControl",
      "location" : "https://github.com/zhangao0086/DKPhotoGallery",
      "state" : {
        "branch" : "master",
        "revision" : "311c1bc7a94f1538f82773a79c84374b12a2ef3d"
      }
    },
    {
      "identity" : "sdwebimage",
      "kind" : "remoteSourceControl",
      "location" : "https://github.com/SDWebImage/SDWebImage",
      "state" : {
        "revision" : "2de3a496eaf6df9a1312862adcfd54acd73c39c0",
        "version" : "5.21.7"
      }
    },
    {
      "identity" : "swift-package-manager-google-mobile-ads",
      "kind" : "remoteSourceControl",
      "location" : "https://github.com/googleads/swift-package-manager-google-mobile-ads",
      "state" : {
        "revision" : "7651abff585dc8dacd1744222d5f03bdd2a8532a",
        "version" : "13.6.0"
      }
    },
    {
      "identity" : "swift-package-manager-google-user-messaging-platform",
      "kind" : "remoteSourceControl",
      "location" : "https://github.com/googleads/swift-package-manager-google-user-messaging-platform.git",
      "state" : {
        "revision" : "13b248eaa73b7826f0efb1bcf455e251d65ecb1b",
        "version" : "3.1.0"
      }
    },
    {
      "identity" : "swiftygif",
      "kind" : "remoteSourceControl",
      "location" : "https://github.com/kirualex/SwiftyGif.git",
      "state" : {
        "revision" : "4430cbc148baa3907651d40562d96325426f409a",
        "version" : "5.4.5"
      }
    },
    {
      "identity" : "tocropviewcontroller",
      "kind" : "remoteSourceControl",
      "location" : "https://github.com/TimOliver/TOCropViewController",
      "state" : {
        "revision" : "d4a6d8100f4b886fdbc8ae399bf144ff3e9afb7e",
        "version" : "2.8.0"
      }
    }
  ],
  "version" : 2
}
